
Microsoft Visual Studio Solution File, Format Version 12.00
# Visual Studio Version 17
VisualStudioVersion = 17.11.35222.181
MinimumVisualStudioVersion = 10.0.40219.1
Project("{9A19103F-16F7-4668-BE54-9A1E7A4F7556}") = "ViewForms", "Semester3\ViewForms.csproj", "{F27DFA16-ED76-4C92-BAC0-3B0EFAA337AF}"
EndProject
Project("{9A19103F-16F7-4668-BE54-9A1E7A4F7556}") = "Model", "Model\Model.csproj", "{F6BCE398-55B5-4595-8176-B292AB1819ED}"
EndProject
Project("{FAE04EC0-301F-11D3-BF4B-00C04F79EFBC}") = "ViewConsole", "ViewConsole\ViewConsole.csproj", "{46D11C99-9C65-4A5A-970B-D8395E90D07C}"
EndProject
Global
	GlobalSection(SolutionConfigurationPlatforms) = preSolution
		Debug|Any CPU = Debug|Any CPU
		Release|Any CPU = Release|Any CPU
	EndGlobalSection
	GlobalSection(ProjectConfigurationPlatforms) = postSolution
		{F27DFA16-ED76-4C92-BAC0-3B0EFAA337AF}.Debug|Any CPU.ActiveCfg = Debug|Any CPU
		{F27DFA16-ED76-4C92-BAC0-3B0EFAA337AF}.Debug|Any CPU.Build.0 = Debug|Any CPU
		{F27DFA16-ED76-4C92-BAC0-3B0EFAA337AF}.Release|Any CPU.ActiveCfg = Release|Any CPU
		{F27DFA16-ED76-4C92-BAC0-3B0EFAA337AF}.Release|Any CPU.Build.0 = Release|Any CPU
		{F6BCE398-55B5-4595-8176-B292AB1819ED}.Debug|Any CPU.ActiveCfg = Debug|Any CPU
		{F6BCE398-55B5-4595-8176-B292AB1819ED}.Debug|Any CPU.Build.0 = Debug|Any CPU
		{F6BCE398-55B5-4595-8176-B292AB1819ED}.Release|Any CPU.ActiveCfg = Release|Any CPU
		{F6BCE398-55B5-4595-8176-B292AB1819ED}.Release|Any CPU.Build.0 = Release|Any CPU
		{46D11C99-9C65-4A5A-970B-D8395E90D07C}.Debug|Any CPU.ActiveCfg = Debug|Any CPU
		{46D11C99-9C65-4A5A-970B-D8395E90D07C}.Debug|Any CPU.Build.0 = Debug|Any CPU
		{46D11C99-9C65-4A5A-970B-D8395E90D07C}.Release|Any CPU.ActiveCfg = Release|Any CPU
		{46D11C99-9C65-4A5A-970B-D8395E90D07C}.Release|Any CPU.Build.0 = Release|Any CPU
	EndGlobalSection
	GlobalSection(SolutionProperties) = preSolution
		HideSolutionNode = FALSE
	EndGlobalSection
	GlobalSection(ExtensibilityGlobals) = postSolution
		SolutionGuid = {1189F6ED-646A-4D40-A478-C7405F41ADEB}
	EndGlobalSection
EndGlobal
